
Microsoft Visual Studio Solution File, Format Version 12.00
# Visual Studio Version 17
VisualStudioVersion = 17.7.34024.191
MinimumVisualStudioVersion = 10.0.40219.1
Project("{FAE04EC0-301F-11D3-BF4B-00C04F79EFBC}") = "MyBasicWebApp", "MyBasicWebApp\MyBasicWebApp.csproj", "{00D1744E-2088-48D9-821E-F14B82C1ECC8}"
EndProject
Global
	GlobalSection(SolutionConfigurationPlatforms) = preSolution
		Debug|Any CPU = Debug|Any CPU
		Release|Any CPU = Release|Any CPU
	EndGlobalSection
	GlobalSection(ProjectConfigurationPlatforms) = postSolution
		{00D1744E-2088-48D9-821E-F14B82C1ECC8}.Debug|Any CPU.ActiveCfg = Debug|Any CPU
		{00D1744E-2088-48D9-821E-F14B82C1ECC8}.Debug|Any CPU.Build.0 = Debug|Any CPU
		{00D1744E-2088-48D9-821E-F14B82C1ECC8}.Release|Any CPU.ActiveCfg = Release|Any CPU
		{00D1744E-2088-48D9-821E-F14B82C1ECC8}.Release|Any CPU.Build.0 = Release|Any CPU
	EndGlobalSection
	GlobalSection(SolutionProperties) = preSolution
		HideSolutionNode = FALSE
	EndGlobalSection
	GlobalSection(ExtensibilityGlobals) = postSolution
		SolutionGuid = {2C6EFE25-7C27-4368-A6B7-88B6E5E85247}
	EndGlobalSection
EndGlobal
